
Microsoft Visual Studio Solution File, Format Version 12.00
# Visual Studio Version 17
VisualStudioVersion = 17.7.34202.233
MinimumVisualStudioVersion = 10.0.40219.1
Project("{FAE04EC0-301F-11D3-BF4B-00C04F79EFBC}") = "身分證", "身分證\身分證.csproj", "{207DA750-9A88-4BB0-8167-4B584C23F791}"
EndProject
Global
	GlobalSection(SolutionConfigurationPlatforms) = preSolution
		Debug|Any CPU = Debug|Any CPU
		Release|Any CPU = Release|Any CPU
	EndGlobalSection
	GlobalSection(ProjectConfigurationPlatforms) = postSolution
		{207DA750-9A88-4BB0-8167-4B584C23F791}.Debug|Any CPU.ActiveCfg = Debug|Any CPU
		{207DA750-9A88-4BB0-8167-4B584C23F791}.Debug|Any CPU.Build.0 = Debug|Any CPU
		{207DA750-9A88-4BB0-8167-4B584C23F791}.Release|Any CPU.ActiveCfg = Release|Any CPU
		{207DA750-9A88-4BB0-8167-4B584C23F791}.Release|Any CPU.Build.0 = Release|Any CPU
	EndGlobalSection
	GlobalSection(SolutionProperties) = preSolution
		HideSolutionNode = FALSE
	EndGlobalSection
	GlobalSection(ExtensibilityGlobals) = postSolution
		SolutionGuid = {EC81C163-5948-4C97-AF71-6189BD3AA767}
	EndGlobalSection
EndGlobal
