
Microsoft Visual Studio Solution File, Format Version 12.00
# Visual Studio Version 17
VisualStudioVersion = 17.7.34202.233
MinimumVisualStudioVersion = 10.0.40219.1
Project("{FAE04EC0-301F-11D3-BF4B-00C04F79EFBC}") = "seven", "seven\seven.csproj", "{4178FF25-1A19-4218-8943-B676AF073A6F}"
EndProject
Global
	GlobalSection(SolutionConfigurationPlatforms) = preSolution
		Debug|Any CPU = Debug|Any CPU
		Release|Any CPU = Release|Any CPU
	EndGlobalSection
	GlobalSection(ProjectConfigurationPlatforms) = postSolution
		{4178FF25-1A19-4218-8943-B676AF073A6F}.Debug|Any CPU.ActiveCfg = Debug|Any CPU
		{4178FF25-1A19-4218-8943-B676AF073A6F}.Debug|Any CPU.Build.0 = Debug|Any CPU
		{4178FF25-1A19-4218-8943-B676AF073A6F}.Release|Any CPU.ActiveCfg = Release|Any CPU
		{4178FF25-1A19-4218-8943-B676AF073A6F}.Release|Any CPU.Build.0 = Release|Any CPU
	EndGlobalSection
	GlobalSection(SolutionProperties) = preSolution
		HideSolutionNode = FALSE
	EndGlobalSection
	GlobalSection(ExtensibilityGlobals) = postSolution
		SolutionGuid = {1B2BB270-AA99-4BE9-A086-18A1B7B14A47}
	EndGlobalSection
EndGlobal
